
Microsoft Visual Studio Solution File, Format Version 12.00
# Visual Studio Version 16
VisualStudioVersion = 16.0.34601.136
MinimumVisualStudioVersion = 10.0.40219.1
Project("{FAE04EC0-301F-11D3-BF4B-00C04F79EFBC}") = "NX-Batch-Processing", "NX-Batch-Processing\NX-Batch-Processing.csproj", "{21C51B94-344C-413B-98CC-2DDA6EB73AD6}"
EndProject
Global
	GlobalSection(SolutionConfigurationPlatforms) = preSolution
		Debug|Any CPU = Debug|Any CPU
		Release|Any CPU = Release|Any CPU
	EndGlobalSection
	GlobalSection(ProjectConfigurationPlatforms) = postSolution
		{21C51B94-344C-413B-98CC-2DDA6EB73AD6}.Debug|Any CPU.ActiveCfg = Debug|Any CPU
		{21C51B94-344C-413B-98CC-2DDA6EB73AD6}.Debug|Any CPU.Build.0 = Debug|Any CPU
		{21C51B94-344C-413B-98CC-2DDA6EB73AD6}.Release|Any CPU.ActiveCfg = Release|Any CPU
		{21C51B94-344C-413B-98CC-2DDA6EB73AD6}.Release|Any CPU.Build.0 = Release|Any CPU
	EndGlobalSection
	GlobalSection(SolutionProperties) = preSolution
		HideSolutionNode = FALSE
	EndGlobalSection
	GlobalSection(ExtensibilityGlobals) = postSolution
		SolutionGuid = {ABB7C1AC-6CC9-4FC0-B27B-B3BE1C5AE45B}
	EndGlobalSection
EndGlobal
